
Microsoft Visual Studio Solution File, Format Version 12.00
# Visual Studio Version 17
VisualStudioVersion = 17.7.34031.279
MinimumVisualStudioVersion = 10.0.40219.1
Project("{FAE04EC0-301F-11D3-BF4B-00C04F79EFBC}") = "ConsoleApp3", "ConsoleApp3\ConsoleApp3.csproj", "{08AA4BD9-CBFF-4E6F-9419-A7CC26B786F3}"
EndProject
Global
	GlobalSection(SolutionConfigurationPlatforms) = preSolution
		Debug|Any CPU = Debug|Any CPU
		Release|Any CPU = Release|Any CPU
	EndGlobalSection
	GlobalSection(ProjectConfigurationPlatforms) = postSolution
		{08AA4BD9-CBFF-4E6F-9419-A7CC26B786F3}.Debug|Any CPU.ActiveCfg = Debug|Any CPU
		{08AA4BD9-CBFF-4E6F-9419-A7CC26B786F3}.Debug|Any CPU.Build.0 = Debug|Any CPU
		{08AA4BD9-CBFF-4E6F-9419-A7CC26B786F3}.Release|Any CPU.ActiveCfg = Release|Any CPU
		{08AA4BD9-CBFF-4E6F-9419-A7CC26B786F3}.Release|Any CPU.Build.0 = Release|Any CPU
	EndGlobalSection
	GlobalSection(SolutionProperties) = preSolution
		HideSolutionNode = FALSE
	EndGlobalSection
	GlobalSection(ExtensibilityGlobals) = postSolution
		SolutionGuid = {35146D9B-E6D4-4E63-A6EF-E0F335FE329A}
	EndGlobalSection
EndGlobal
